// !$*UTF8*$!
{
	archiveVersion = 1;
	classes = {
	};
	objectVersion = 54;
	objects = {

/* Begin PBXBuildFile section */
		8CD264FE2727F00600BA773E /* HelloExample.framework in Frameworks */ = {isa = PBXBuildFile; fileRef = 8CD264F32727F00500BA773E /* HelloExample.framework */; };
		8CD265032727F00600BA773E /* HelloExampleTests.swift in Sources */ = {isa = PBXBuildFile; fileRef = 8CD265022727F00600BA773E /* HelloExampleTests.swift */; };
		8CD265042727F00600BA773E /* HelloExample.h in Headers */ = {isa = PBXBuildFile; fileRef = 8CD264F62727F00500BA773E /* HelloExample.h */; settings = {ATTRIBUTES = (Public, ); }; };
		8CD2650E2727F6EE00BA773E /* cxx in Resources */ = {isa = PBXBuildFile; fileRef = 8CD2650D2727F6EE00BA773E /* cxx */; };
		8CD265102727F70A00BA773E /* swift in Resources */ = {isa = PBXBuildFile; fileRef = 8CD2650F2727F70A00BA773E /* swift */; };
		8CD265192727FF3900BA773E /* PublicObjCClass.h in Headers */ = {isa = PBXBuildFile; fileRef = 8CD265182727FF3900BA773E /* PublicObjCClass.h */; settings = {ATTRIBUTES = (Public, ); }; };
		8CD2651B2727FF7400BA773E /* PublicObjCClass.m in Sources */ = {isa = PBXBuildFile; fileRef = 8CD2651A2727FF7400BA773E /* PublicObjCClass.m */; };
		8CD265292728185200BA773E /* c_host.h in Headers */ = {isa = PBXBuildFile; fileRef = 8CD265282728185200BA773E /* c_host.h */; settings = {ATTRIBUTES = (Private, ); }; };
		8CD2652B272818E900BA773E /* c_helpers.h in Headers */ = {isa = PBXBuildFile; fileRef = 8CD2652A272818E900BA773E /* c_helpers.h */; settings = {ATTRIBUTES = (Private, ); }; };
		8CD2652D27281A3100BA773E /* c_user.h in Headers */ = {isa = PBXBuildFile; fileRef = 8CD2652C27281A3100BA773E /* c_user.h */; settings = {ATTRIBUTES = (Private, ); }; };
		8CD2652F27281A4100BA773E /* c_std_exc_classes.h in Headers */ = {isa = PBXBuildFile; fileRef = 8CD2652E27281A4100BA773E /* c_std_exc_classes.h */; settings = {ATTRIBUTES = (Private, ); }; };
		8CD2653127281BF400BA773E /* main.swift in Sources */ = {isa = PBXBuildFile; fileRef = 8CD2653027281BF400BA773E /* main.swift */; };
		8CD265332728234F00BA773E /* c_std_exc_classes.cpp in Sources */ = {isa = PBXBuildFile; fileRef = 8CD265322728234F00BA773E /* c_std_exc_classes.cpp */; };
		8CD265362728237B00BA773E /* c_host.cpp in Sources */ = {isa = PBXBuildFile; fileRef = 8CD265342728237B00BA773E /* c_host.cpp */; };
		8CD265372728237B00BA773E /* c_user.cpp in Sources */ = {isa = PBXBuildFile; fileRef = 8CD265352728237B00BA773E /* c_user.cpp */; };
		8CD2653A272823B800BA773E /* user.hpp in Headers */ = {isa = PBXBuildFile; fileRef = 8CD26538272823B800BA773E /* user.hpp */; settings = {ATTRIBUTES = (Private, ); }; };
		8CD2653B272823B800BA773E /* host.hpp in Headers */ = {isa = PBXBuildFile; fileRef = 8CD26539272823B800BA773E /* host.hpp */; settings = {ATTRIBUTES = (Private, ); }; };
		8CD2653D2728242B00BA773E /* std_exc_classes.swift in Sources */ = {isa = PBXBuildFile; fileRef = 8CD2653C2728242B00BA773E /* std_exc_classes.swift */; };
		8CD265402728244100BA773E /* host.swift in Sources */ = {isa = PBXBuildFile; fileRef = 8CD2653E2728244000BA773E /* host.swift */; };
		8CD265412728244100BA773E /* user.swift in Sources */ = {isa = PBXBuildFile; fileRef = 8CD2653F2728244100BA773E /* user.swift */; };
		8CD26543272824C300BA773E /* exceptionUtils.swift in Sources */ = {isa = PBXBuildFile; fileRef = 8CD26542272824C300BA773E /* exceptionUtils.swift */; };
/* End PBXBuildFile section */

/* Begin PBXContainerItemProxy section */
		8CD264FF2727F00600BA773E /* PBXContainerItemProxy */ = {
			isa = PBXContainerItemProxy;
			containerPortal = 8CD264EA2727F00500BA773E /* Project object */;
			proxyType = 1;
			remoteGlobalIDString = 8CD264F22727F00500BA773E;
			remoteInfo = HelloExample;
		};
/* End PBXContainerItemProxy section */

/* Begin PBXFileReference section */
		8C0EA64F272C43340007F606 /* public.modulemap */ = {isa = PBXFileReference; lastKnownFileType = "sourcecode.module-map"; path = public.modulemap; sourceTree = "<group>"; };
		8CD264F32727F00500BA773E /* HelloExample.framework */ = {isa = PBXFileReference; explicitFileType = wrapper.framework; includeInIndex = 0; path = HelloExample.framework; sourceTree = BUILT_PRODUCTS_DIR; };
		8CD264F62727F00500BA773E /* HelloExample.h */ = {isa = PBXFileReference; lastKnownFileType = sourcecode.c.h; path = HelloExample.h; sourceTree = "<group>"; };
		8CD264FD2727F00600BA773E /* HelloExampleTests.xctest */ = {isa = PBXFileReference; explicitFileType = wrapper.cfbundle; includeInIndex = 0; path = HelloExampleTests.xctest; sourceTree = BUILT_PRODUCTS_DIR; };
		8CD265022727F00600BA773E /* HelloExampleTests.swift */ = {isa = PBXFileReference; lastKnownFileType = sourcecode.swift; path = HelloExampleTests.swift; sourceTree = "<group>"; };
		8CD2650D2727F6EE00BA773E /* cxx */ = {isa = PBXFileReference; lastKnownFileType = folder; path = cxx; sourceTree = "<group>"; };
		8CD2650F2727F70A00BA773E /* swift */ = {isa = PBXFileReference; lastKnownFileType = folder; path = swift; sourceTree = "<group>"; };
		8CD265182727FF3900BA773E /* PublicObjCClass.h */ = {isa = PBXFileReference; lastKnownFileType = sourcecode.c.h; path = PublicObjCClass.h; sourceTree = "<group>"; };
		8CD2651A2727FF7400BA773E /* PublicObjCClass.m */ = {isa = PBXFileReference; lastKnownFileType = sourcecode.c.objc; path = PublicObjCClass.m; sourceTree = "<group>"; };
		8CD265282728185200BA773E /* c_host.h */ = {isa = PBXFileReference; lastKnownFileType = sourcecode.c.h; name = c_host.h; path = HelloExample/swift/wrappers/hello/c_host.h; sourceTree = "<group>"; };
		8CD2652A272818E900BA773E /* c_helpers.h */ = {isa = PBXFileReference; lastKnownFileType = sourcecode.c.h; name = c_helpers.h; path = HelloExample/swift/wrappers/c_helpers.h; sourceTree = "<group>"; };
		8CD2652C27281A3100BA773E /* c_user.h */ = {isa = PBXFileReference; lastKnownFileType = sourcecode.c.h; name = c_user.h; path = HelloExample/swift/wrappers/hello/c_user.h; sourceTree = "<group>"; };
		8CD2652E27281A4100BA773E /* c_std_exc_classes.h */ = {isa = PBXFileReference; lastKnownFileType = sourcecode.c.h; name = c_std_exc_classes.h; path = HelloExample/swift/wrappers/exception_helpers/c_std_exc_classes.h; sourceTree = "<group>"; };
		8CD2653027281BF400BA773E /* main.swift */ = {isa = PBXFileReference; lastKnownFileType = sourcecode.swift; path = main.swift; sourceTree = "<group>"; };
		8CD265322728234F00BA773E /* c_std_exc_classes.cpp */ = {isa = PBXFileReference; lastKnownFileType = sourcecode.cpp.cpp; name = c_std_exc_classes.cpp; path = HelloExample/swift/wrappers/exception_helpers/c_std_exc_classes.cpp; sourceTree = "<group>"; };
		8CD265342728237B00BA773E /* c_host.cpp */ = {isa = PBXFileReference; lastKnownFileType = sourcecode.cpp.cpp; name = c_host.cpp; path = HelloExample/swift/wrappers/hello/c_host.cpp; sourceTree = "<group>"; };
		8CD265352728237B00BA773E /* c_user.cpp */ = {isa = PBXFileReference; lastKnownFileType = sourcecode.cpp.cpp; name = c_user.cpp; path = HelloExample/swift/wrappers/hello/c_user.cpp; sourceTree = "<group>"; };
		8CD26538272823B800BA773E /* user.hpp */ = {isa = PBXFileReference; lastKnownFileType = sourcecode.cpp.h; name = user.hpp; path = HelloExample/cxx/user.hpp; sourceTree = "<group>"; };
		8CD26539272823B800BA773E /* host.hpp */ = {isa = PBXFileReference; lastKnownFileType = sourcecode.cpp.h; name = host.hpp; path = HelloExample/cxx/host.hpp; sourceTree = "<group>"; };
		8CD2653C2728242B00BA773E /* std_exc_classes.swift */ = {isa = PBXFileReference; lastKnownFileType = sourcecode.swift; name = std_exc_classes.swift; path = HelloExample/swift/src/exception_helpers/std_exc_classes.swift; sourceTree = "<group>"; };
		8CD2653E2728244000BA773E /* host.swift */ = {isa = PBXFileReference; lastKnownFileType = sourcecode.swift; name = host.swift; path = HelloExample/swift/src/hello/host.swift; sourceTree = "<group>"; };
		8CD2653F2728244100BA773E /* user.swift */ = {isa = PBXFileReference; lastKnownFileType = sourcecode.swift; name = user.swift; path = HelloExample/swift/src/hello/user.swift; sourceTree = "<group>"; };
		8CD26542272824C300BA773E /* exceptionUtils.swift */ = {isa = PBXFileReference; lastKnownFileType = sourcecode.swift; name = exceptionUtils.swift; path = HelloExample/swift/src/exceptionUtils.swift; sourceTree = "<group>"; };
/* End PBXFileReference section */

/* Begin PBXFrameworksBuildPhase section */
		8CD264F02727F00500BA773E /* Frameworks */ = {
			isa = PBXFrameworksBuildPhase;
			buildActionMask = 2147483647;
			files = (
			);
			runOnlyForDeploymentPostprocessing = 0;
		};
		8CD264FA2727F00600BA773E /* Frameworks */ = {
			isa = PBXFrameworksBuildPhase;
			buildActionMask = 2147483647;
			files = (
				8CD264FE2727F00600BA773E /* HelloExample.framework in Frameworks */,
			);
			runOnlyForDeploymentPostprocessing = 0;
		};
/* End PBXFrameworksBuildPhase section */

/* Begin PBXGroup section */
		8CD264E92727F00500BA773E = {
			isa = PBXGroup;
			children = (
				8CD26542272824C300BA773E /* exceptionUtils.swift */,
				8CD2653E2728244000BA773E /* host.swift */,
				8CD2653F2728244100BA773E /* user.swift */,
				8CD2653C2728242B00BA773E /* std_exc_classes.swift */,
				8CD26539272823B800BA773E /* host.hpp */,
				8CD26538272823B800BA773E /* user.hpp */,
				8CD265342728237B00BA773E /* c_host.cpp */,
				8CD265352728237B00BA773E /* c_user.cpp */,
				8CD265322728234F00BA773E /* c_std_exc_classes.cpp */,
				8CD2652E27281A4100BA773E /* c_std_exc_classes.h */,
				8CD2652C27281A3100BA773E /* c_user.h */,
				8CD2652A272818E900BA773E /* c_helpers.h */,
				8CD265282728185200BA773E /* c_host.h */,
				8CD264F52727F00500BA773E /* HelloExample */,
				8CD265012727F00600BA773E /* HelloExampleTests */,
				8CD264F42727F00500BA773E /* Products */,
			);
			sourceTree = "<group>";
		};
		8CD264F42727F00500BA773E /* Products */ = {
			isa = PBXGroup;
			children = (
				8CD264F32727F00500BA773E /* HelloExample.framework */,
				8CD264FD2727F00600BA773E /* HelloExampleTests.xctest */,
			);
			name = Products;
			sourceTree = "<group>";
		};
		8CD264F52727F00500BA773E /* HelloExample */ = {
			isa = PBXGroup;
			children = (
				8C0EA64F272C43340007F606 /* public.modulemap */,
				8CD2650F2727F70A00BA773E /* swift */,
				8CD2650D2727F6EE00BA773E /* cxx */,
				8CD264F62727F00500BA773E /* HelloExample.h */,
				8CD265182727FF3900BA773E /* PublicObjCClass.h */,
				8CD2651A2727FF7400BA773E /* PublicObjCClass.m */,
				8CD2653027281BF400BA773E /* main.swift */,
			);
			path = HelloExample;
			sourceTree = "<group>";
		};
		8CD265012727F00600BA773E /* HelloExampleTests */ = {
			isa = PBXGroup;
			children = (
				8CD265022727F00600BA773E /* HelloExampleTests.swift */,
			);
			path = HelloExampleTests;
			sourceTree = "<group>";
		};
/* End PBXGroup section */

/* Begin PBXHeadersBuildPhase section */
		8CD264EE2727F00500BA773E /* Headers */ = {
			isa = PBXHeadersBuildPhase;
			buildActionMask = 2147483647;
			files = (
				8CD265192727FF3900BA773E /* PublicObjCClass.h in Headers */,
				8CD265042727F00600BA773E /* HelloExample.h in Headers */,
				8CD2653A272823B800BA773E /* user.hpp in Headers */,
				8CD2653B272823B800BA773E /* host.hpp in Headers */,
				8CD265292728185200BA773E /* c_host.h in Headers */,
				8CD2652B272818E900BA773E /* c_helpers.h in Headers */,
				8CD2652F27281A4100BA773E /* c_std_exc_classes.h in Headers */,
				8CD2652D27281A3100BA773E /* c_user.h in Headers */,
			);
			runOnlyForDeploymentPostprocessing = 0;
		};
/* End PBXHeadersBuildPhase section */

/* Begin PBXNativeTarget section */
		8CD264F22727F00500BA773E /* HelloExample */ = {
			isa = PBXNativeTarget;
			buildConfigurationList = 8CD265072727F00600BA773E /* Build configuration list for PBXNativeTarget "HelloExample" */;
			buildPhases = (
				8CD264EE2727F00500BA773E /* Headers */,
				8CD264EF2727F00500BA773E /* Sources */,
				8CD264F02727F00500BA773E /* Frameworks */,
				8CD264F12727F00500BA773E /* Resources */,
			);
			buildRules = (
			);
			dependencies = (
			);
			name = HelloExample;
			productName = HelloExample;
			productReference = 8CD264F32727F00500BA773E /* HelloExample.framework */;
			productType = "com.apple.product-type.framework";
		};
		8CD264FC2727F00600BA773E /* HelloExampleTests */ = {
			isa = PBXNativeTarget;
			buildConfigurationList = 8CD2650A2727F00600BA773E /* Build configuration list for PBXNativeTarget "HelloExampleTests" */;
			buildPhases = (
				8CD264F92727F00600BA773E /* Sources */,
				8CD264FA2727F00600BA773E /* Frameworks */,
				8CD264FB2727F00600BA773E /* Resources */,
			);
			buildRules = (
			);
			dependencies = (
				8CD265002727F00600BA773E /* PBXTargetDependency */,
			);
			name = HelloExampleTests;
			productName = HelloExampleTests;
			productReference = 8CD264FD2727F00600BA773E /* HelloExampleTests.xctest */;
			productType = "com.apple.product-type.bundle.unit-test";
		};
/* End PBXNativeTarget section */

/* Begin PBXProject section */
		8CD264EA2727F00500BA773E /* Project object */ = {
			isa = PBXProject;
			attributes = {
				BuildIndependentTargetsInParallel = 1;
				LastSwiftUpdateCheck = 1300;
				LastUpgradeCheck = 1300;
				TargetAttributes = {
					8CD264F22727F00500BA773E = {
						CreatedOnToolsVersion = 13.0;
						LastSwiftMigration = 1300;
					};
					8CD264FC2727F00600BA773E = {
						CreatedOnToolsVersion = 13.0;
					};
				};
			};
			buildConfigurationList = 8CD264ED2727F00500BA773E /* Build configuration list for PBXProject "HelloExample" */;
			compatibilityVersion = "Xcode 12.0";
			developmentRegion = en;
			hasScannedForEncodings = 0;
			knownRegions = (
				en,
				Base,
			);
			mainGroup = 8CD264E92727F00500BA773E;
			productRefGroup = 8CD264F42727F00500BA773E /* Products */;
			projectDirPath = "";
			projectRoot = "";
			targets = (
				8CD264F22727F00500BA773E /* HelloExample */,
				8CD264FC2727F00600BA773E /* HelloExampleTests */,
			);
		};
/* End PBXProject section */

/* Begin PBXResourcesBuildPhase section */
		8CD264F12727F00500BA773E /* Resources */ = {
			isa = PBXResourcesBuildPhase;
			buildActionMask = 2147483647;
			files = (
				8CD265102727F70A00BA773E /* swift in Resources */,
				8CD2650E2727F6EE00BA773E /* cxx in Resources */,
			);
			runOnlyForDeploymentPostprocessing = 0;
		};
		8CD264FB2727F00600BA773E /* Resources */ = {
			isa = PBXResourcesBuildPhase;
			buildActionMask = 2147483647;
			files = (
			);
			runOnlyForDeploymentPostprocessing = 0;
		};
/* End PBXResourcesBuildPhase section */

/* Begin PBXSourcesBuildPhase section */
		8CD264EF2727F00500BA773E /* Sources */ = {
			isa = PBXSourcesBuildPhase;
			buildActionMask = 2147483647;
			files = (
				8CD26543272824C300BA773E /* exceptionUtils.swift in Sources */,
				8CD265402728244100BA773E /* host.swift in Sources */,
				8CD265412728244100BA773E /* user.swift in Sources */,
				8CD2653D2728242B00BA773E /* std_exc_classes.swift in Sources */,
				8CD265362728237B00BA773E /* c_host.cpp in Sources */,
				8CD265372728237B00BA773E /* c_user.cpp in Sources */,
				8CD265332728234F00BA773E /* c_std_exc_classes.cpp in Sources */,
				8CD2653127281BF400BA773E /* main.swift in Sources */,
				8CD2651B2727FF7400BA773E /* PublicObjCClass.m in Sources */,
			);
			runOnlyForDeploymentPostprocessing = 0;
		};
		8CD264F92727F00600BA773E /* Sources */ = {
			isa = PBXSourcesBuildPhase;
			buildActionMask = 2147483647;
			files = (
				8CD265032727F00600BA773E /* HelloExampleTests.swift in Sources */,
			);
			runOnlyForDeploymentPostprocessing = 0;
		};
/* End PBXSourcesBuildPhase section */

/* Begin PBXTargetDependency section */
		8CD265002727F00600BA773E /* PBXTargetDependency */ = {
			isa = PBXTargetDependency;
			target = 8CD264F22727F00500BA773E /* HelloExample */;
			targetProxy = 8CD264FF2727F00600BA773E /* PBXContainerItemProxy */;
		};
/* End PBXTargetDependency section */

/* Begin XCBuildConfiguration section */
		8CD265052727F00600BA773E /* Debug */ = {
			isa = XCBuildConfiguration;
			buildSettings = {
				ALWAYS_SEARCH_USER_PATHS = NO;
				CLANG_ALLOW_NON_MODULAR_INCLUDES_IN_FRAMEWORK_MODULES = NO;
				CLANG_ANALYZER_NONNULL = YES;
				CLANG_ANALYZER_NUMBER_OBJECT_CONVERSION = YES_AGGRESSIVE;
				CLANG_CXX_LANGUAGE_STANDARD = "gnu++17";
				CLANG_CXX_LIBRARY = "libc++";
				CLANG_ENABLE_MODULES = YES;
				CLANG_ENABLE_OBJC_ARC = YES;
				CLANG_ENABLE_OBJC_WEAK = YES;
				CLANG_WARN_BLOCK_CAPTURE_AUTORELEASING = YES;
				CLANG_WARN_BOOL_CONVERSION = YES;
				CLANG_WARN_COMMA = YES;
				CLANG_WARN_CONSTANT_CONVERSION = YES;
				CLANG_WARN_DEPRECATED_OBJC_IMPLEMENTATIONS = YES;
				CLANG_WARN_DIRECT_OBJC_ISA_USAGE = YES_ERROR;
				CLANG_WARN_DOCUMENTATION_COMMENTS = YES;
				CLANG_WARN_EMPTY_BODY = YES;
				CLANG_WARN_ENUM_CONVERSION = YES;
				CLANG_WARN_INFINITE_RECURSION = YES;
				CLANG_WARN_INT_CONVERSION = YES;
				CLANG_WARN_NON_LITERAL_NULL_CONVERSION = YES;
				CLANG_WARN_OBJC_IMPLICIT_RETAIN_SELF = YES;
				CLANG_WARN_OBJC_LITERAL_CONVERSION = YES;
				CLANG_WARN_OBJC_ROOT_CLASS = YES_ERROR;
				CLANG_WARN_QUOTED_INCLUDE_IN_FRAMEWORK_HEADER = YES;
				CLANG_WARN_RANGE_LOOP_ANALYSIS = YES;
				CLANG_WARN_STRICT_PROTOTYPES = YES;
				CLANG_WARN_SUSPICIOUS_MOVE = YES;
				CLANG_WARN_UNGUARDED_AVAILABILITY = YES_AGGRESSIVE;
				CLANG_WARN_UNREACHABLE_CODE = YES;
				CLANG_WARN__DUPLICATE_METHOD_MATCH = YES;
				COPY_PHASE_STRIP = NO;
				CURRENT_PROJECT_VERSION = 1;
				DEBUG_INFORMATION_FORMAT = dwarf;
				ENABLE_STRICT_OBJC_MSGSEND = YES;
				ENABLE_TESTABILITY = YES;
				GCC_C_LANGUAGE_STANDARD = gnu11;
				GCC_DYNAMIC_NO_PIC = NO;
				GCC_NO_COMMON_BLOCKS = YES;
				GCC_OPTIMIZATION_LEVEL = 0;
				GCC_PREPROCESSOR_DEFINITIONS = (
					"DEBUG=1",
					"$(inherited)",
				);
				GCC_WARN_64_TO_32_BIT_CONVERSION = YES;
				GCC_WARN_ABOUT_RETURN_TYPE = YES_ERROR;
				GCC_WARN_UNDECLARED_SELECTOR = YES;
				GCC_WARN_UNINITIALIZED_AUTOS = YES_AGGRESSIVE;
				GCC_WARN_UNUSED_FUNCTION = YES;
				GCC_WARN_UNUSED_VARIABLE = YES;
				IPHONEOS_DEPLOYMENT_TARGET = 15.0;
				MTL_ENABLE_DEBUG_INFO = INCLUDE_SOURCE;
				MTL_FAST_MATH = YES;
				ONLY_ACTIVE_ARCH = YES;
				SDKROOT = iphoneos;
				SWIFT_ACTIVE_COMPILATION_CONDITIONS = DEBUG;
				SWIFT_OPTIMIZATION_LEVEL = "-Onone";
				VERSIONING_SYSTEM = "apple-generic";
				VERSION_INFO_PREFIX = "";
			};
			name = Debug;
		};
		8CD265062727F00600BA773E /* Release */ = {
			isa = XCBuildConfiguration;
			buildSettings = {
				ALWAYS_SEARCH_USER_PATHS = NO;
				CLANG_ALLOW_NON_MODULAR_INCLUDES_IN_FRAMEWORK_MODULES = NO;
				CLANG_ANALYZER_NONNULL = YES;
				CLANG_ANALYZER_NUMBER_OBJECT_CONVERSION = YES_AGGRESSIVE;
				CLANG_CXX_LANGUAGE_STANDARD = "gnu++17";
				CLANG_CXX_LIBRARY = "libc++";
				CLANG_ENABLE_MODULES = YES;
				CLANG_ENABLE_OBJC_ARC = YES;
				CLANG_ENABLE_OBJC_WEAK = YES;
				CLANG_WARN_BLOCK_CAPTURE_AUTORELEASING = YES;
				CLANG_WARN_BOOL_CONVERSION = YES;
				CLANG_WARN_COMMA = YES;
				CLANG_WARN_CONSTANT_CONVERSION = YES;
				CLANG_WARN_DEPRECATED_OBJC_IMPLEMENTATIONS = YES;
				CLANG_WARN_DIRECT_OBJC_ISA_USAGE = YES_ERROR;
				CLANG_WARN_DOCUMENTATION_COMMENTS = YES;
				CLANG_WARN_EMPTY_BODY = YES;
				CLANG_WARN_ENUM_CONVERSION = YES;
				CLANG_WARN_INFINITE_RECURSION = YES;
				CLANG_WARN_INT_CONVERSION = YES;
				CLANG_WARN_NON_LITERAL_NULL_CONVERSION = YES;
				CLANG_WARN_OBJC_IMPLICIT_RETAIN_SELF = YES;
				CLANG_WARN_OBJC_LITERAL_CONVERSION = YES;
				CLANG_WARN_OBJC_ROOT_CLASS = YES_ERROR;
				CLANG_WARN_QUOTED_INCLUDE_IN_FRAMEWORK_HEADER = YES;
				CLANG_WARN_RANGE_LOOP_ANALYSIS = YES;
				CLANG_WARN_STRICT_PROTOTYPES = YES;
				CLANG_WARN_SUSPICIOUS_MOVE = YES;
				CLANG_WARN_UNGUARDED_AVAILABILITY = YES_AGGRESSIVE;
				CLANG_WARN_UNREACHABLE_CODE = YES;
				CLANG_WARN__DUPLICATE_METHOD_MATCH = YES;
				COPY_PHASE_STRIP = NO;
				CURRENT_PROJECT_VERSION = 1;
				DEBUG_INFORMATION_FORMAT = "dwarf-with-dsym";
				ENABLE_NS_ASSERTIONS = NO;
				ENABLE_STRICT_OBJC_MSGSEND = YES;
				GCC_C_LANGUAGE_STANDARD = gnu11;
				GCC_NO_COMMON_BLOCKS = YES;
				GCC_WARN_64_TO_32_BIT_CONVERSION = YES;
				GCC_WARN_ABOUT_RETURN_TYPE = YES_ERROR;
				GCC_WARN_UNDECLARED_SELECTOR = YES;
				GCC_WARN_UNINITIALIZED_AUTOS = YES_AGGRESSIVE;
				GCC_WARN_UNUSED_FUNCTION = YES;
				GCC_WARN_UNUSED_VARIABLE = YES;
				IPHONEOS_DEPLOYMENT_TARGET = 15.0;
				MTL_ENABLE_DEBUG_INFO = NO;
				MTL_FAST_MATH = YES;
				SDKROOT = iphoneos;
				SWIFT_COMPILATION_MODE = wholemodule;
				SWIFT_OPTIMIZATION_LEVEL = "-O";
				VALIDATE_PRODUCT = YES;
				VERSIONING_SYSTEM = "apple-generic";
				VERSION_INFO_PREFIX = "";
			};
			name = Release;
		};
		8CD265082727F00600BA773E /* Debug */ = {
			isa = XCBuildConfiguration;
			buildSettings = {
				CLANG_ENABLE_MODULES = YES;
				CODE_SIGN_STYLE = Automatic;
				CURRENT_PROJECT_VERSION = 1;
				DEFINES_MODULE = YES;
				DYLIB_COMPATIBILITY_VERSION = 1;
				DYLIB_CURRENT_VERSION = 1;
				DYLIB_INSTALL_NAME_BASE = "@rpath";
				GENERATE_INFOPLIST_FILE = YES;
				HEADER_SEARCH_PATHS = "$(PROJECT_DIR)/**";
				INFOPLIST_KEY_NSHumanReadableCopyright = "";
				INSTALL_PATH = "$(LOCAL_LIBRARY_DIR)/Frameworks";
				LD_RUNPATH_SEARCH_PATHS = (
					"$(inherited)",
					"@executable_path/Frameworks",
					"@loader_path/Frameworks",
				);
				MARKETING_VERSION = 1.0;
				MODULEMAP_FILE = HelloExample/public.modulemap;
				PRODUCT_BUNDLE_IDENTIFIER = com.examples.HelloExample;
				PRODUCT_NAME = "$(TARGET_NAME:c99extidentifier)";
				SKIP_INSTALL = YES;
				SWIFT_EMIT_LOC_STRINGS = YES;
				SWIFT_OPTIMIZATION_LEVEL = "-Onone";
				SWIFT_VERSION = 5.0;
				TARGETED_DEVICE_FAMILY = "1,2";
			};
			name = Debug;
		};
		8CD265092727F00600BA773E /* Release */ = {
			isa = XCBuildConfiguration;
			buildSettings = {
				CLANG_ENABLE_MODULES = YES;
				CODE_SIGN_STYLE = Automatic;
				CURRENT_PROJECT_VERSION = 1;
				DEFINES_MODULE = YES;
				DYLIB_COMPATIBILITY_VERSION = 1;
				DYLIB_CURRENT_VERSION = 1;
				DYLIB_INSTALL_NAME_BASE = "@rpath";
				GENERATE_INFOPLIST_FILE = YES;
				HEADER_SEARCH_PATHS = "$(PROJECT_DIR)/**";
				INFOPLIST_KEY_NSHumanReadableCopyright = "";
				INSTALL_PATH = "$(LOCAL_LIBRARY_DIR)/Frameworks";
				LD_RUNPATH_SEARCH_PATHS = (
					"$(inherited)",
					"@executable_path/Frameworks",
					"@loader_path/Frameworks",
				);
				MARKETING_VERSION = 1.0;
				MODULEMAP_FILE = HelloExample/public.modulemap;
				PRODUCT_BUNDLE_IDENTIFIER = com.examples.HelloExample;
				PRODUCT_NAME = "$(TARGET_NAME:c99extidentifier)";
				SKIP_INSTALL = YES;
				SWIFT_EMIT_LOC_STRINGS = YES;
				SWIFT_VERSION = 5.0;
				TARGETED_DEVICE_FAMILY = "1,2";
			};
			name = Release;
		};
		8CD2650B2727F00600BA773E /* Debug */ = {
			isa = XCBuildConfiguration;
			buildSettings = {
				ALWAYS_EMBED_SWIFT_STANDARD_LIBRARIES = YES;
				CODE_SIGN_STYLE = Automatic;
				CURRENT_PROJECT_VERSION = 1;
				GENERATE_INFOPLIST_FILE = YES;
				LD_RUNPATH_SEARCH_PATHS = (
					"$(inherited)",
					"@executable_path/Frameworks",
					"@loader_path/Frameworks",
				);
				MARKETING_VERSION = 1.0;
				PRODUCT_BUNDLE_IDENTIFIER = com.examples.HelloExampleTests;
				PRODUCT_NAME = "$(TARGET_NAME)";
				SWIFT_EMIT_LOC_STRINGS = NO;
				SWIFT_VERSION = 5.0;
				TARGETED_DEVICE_FAMILY = "1,2";
			};
			name = Debug;
		};
		8CD2650C2727F00600BA773E /* Release */ = {
			isa = XCBuildConfiguration;
			buildSettings = {
				ALWAYS_EMBED_SWIFT_STANDARD_LIBRARIES = YES;
				CODE_SIGN_STYLE = Automatic;
				CURRENT_PROJECT_VERSION = 1;
				GENERATE_INFOPLIST_FILE = YES;
				LD_RUNPATH_SEARCH_PATHS = (
					"$(inherited)",
					"@executable_path/Frameworks",
					"@loader_path/Frameworks",
				);
				MARKETING_VERSION = 1.0;
				PRODUCT_BUNDLE_IDENTIFIER = com.examples.HelloExampleTests;
				PRODUCT_NAME = "$(TARGET_NAME)";
				SWIFT_EMIT_LOC_STRINGS = NO;
				SWIFT_VERSION = 5.0;
				TARGETED_DEVICE_FAMILY = "1,2";
			};
			name = Release;
		};
/* End XCBuildConfiguration section */

/* Begin XCConfigurationList section */
		8CD264ED2727F00500BA773E /* Build configuration list for PBXProject "HelloExample" */ = {
			isa = XCConfigurationList;
			buildConfigurations = (
				8CD265052727F00600BA773E /* Debug */,
				8CD265062727F00600BA773E /* Release */,
			);
			defaultConfigurationIsVisible = 0;
			defaultConfigurationName = Release;
		};
		8CD265072727F00600BA773E /* Build configuration list for PBXNativeTarget "HelloExample" */ = {
			isa = XCConfigurationList;
			buildConfigurations = (
				8CD265082727F00600BA773E /* Debug */,
				8CD265092727F00600BA773E /* Release */,
			);
			defaultConfigurationIsVisible = 0;
			defaultConfigurationName = Release;
		};
		8CD2650A2727F00600BA773E /* Build configuration list for PBXNativeTarget "HelloExampleTests" */ = {
			isa = XCConfigurationList;
			buildConfigurations = (
				8CD2650B2727F00600BA773E /* Debug */,
				8CD2650C2727F00600BA773E /* Release */,
			);
			defaultConfigurationIsVisible = 0;
			defaultConfigurationName = Release;
		};
/* End XCConfigurationList section */
	};
	rootObject = 8CD264EA2727F00500BA773E /* Project object */;
}
